
Microsoft Visual Studio Solution File, Format Version 12.00
# Visual Studio Version 16
VisualStudioVersion = 16.0.31321.278
MinimumVisualStudioVersion = 10.0.40219.1
Project("{FAE04EC0-301F-11D3-BF4B-00C04F79EFBC}") = "EmployeeAPIAssignment", "EmployeeAPIAssignment\EmployeeAPIAssignment.csproj", "{48038E05-D1AC-4148-9CDD-7F0DEF21BEFD}"
EndProject
Global
	GlobalSection(SolutionConfigurationPlatforms) = preSolution
		Debug|Any CPU = Debug|Any CPU
		Release|Any CPU = Release|Any CPU
	EndGlobalSection
	GlobalSection(ProjectConfigurationPlatforms) = postSolution
		{48038E05-D1AC-4148-9CDD-7F0DEF21BEFD}.Debug|Any CPU.ActiveCfg = Debug|Any CPU
		{48038E05-D1AC-4148-9CDD-7F0DEF21BEFD}.Debug|Any CPU.Build.0 = Debug|Any CPU
		{48038E05-D1AC-4148-9CDD-7F0DEF21BEFD}.Release|Any CPU.ActiveCfg = Release|Any CPU
		{48038E05-D1AC-4148-9CDD-7F0DEF21BEFD}.Release|Any CPU.Build.0 = Release|Any CPU
	EndGlobalSection
	GlobalSection(SolutionProperties) = preSolution
		HideSolutionNode = FALSE
	EndGlobalSection
	GlobalSection(ExtensibilityGlobals) = postSolution
		SolutionGuid = {C11B20EF-4A89-4DB0-B340-E313FF6CD9BE}
	EndGlobalSection
EndGlobal
